
Microsoft Visual Studio Solution File, Format Version 12.00
# Visual Studio Version 16
VisualStudioVersion = 16.0.31313.79
MinimumVisualStudioVersion = 10.0.40219.1
Project("{FAE04EC0-301F-11D3-BF4B-00C04F79EFBC}") = "Programacion3_1201", "Programacion3_1201.csproj", "{292BDCF1-FFA7-49A7-885F-78B73353C866}"
EndProject
Global
	GlobalSection(SolutionConfigurationPlatforms) = preSolution
		Debug|Any CPU = Debug|Any CPU
		Release|Any CPU = Release|Any CPU
	EndGlobalSection
	GlobalSection(ProjectConfigurationPlatforms) = postSolution
		{292BDCF1-FFA7-49A7-885F-78B73353C866}.Debug|Any CPU.ActiveCfg = Debug|Any CPU
		{292BDCF1-FFA7-49A7-885F-78B73353C866}.Debug|Any CPU.Build.0 = Debug|Any CPU
		{292BDCF1-FFA7-49A7-885F-78B73353C866}.Release|Any CPU.ActiveCfg = Release|Any CPU
		{292BDCF1-FFA7-49A7-885F-78B73353C866}.Release|Any CPU.Build.0 = Release|Any CPU
	EndGlobalSection
	GlobalSection(SolutionProperties) = preSolution
		HideSolutionNode = FALSE
	EndGlobalSection
	GlobalSection(ExtensibilityGlobals) = postSolution
		SolutionGuid = {84283D1F-559F-4423-8EAC-516E117CBB36}
	EndGlobalSection
EndGlobal
